# This file is automatically @generated by Cargo.
# It is not intended for manual editing.
version = 3

[[package]]
name = "libc_alloc"
version = "1.0.7"
source = "registry+https://github.com/rust-lang/crates.io-index"
checksum = "7581282928bc99698341d1de7590964c28db747c164eaac9409432a3eaed098a"

[[package]]
name = "memory-map"
version = "0.1.0"
dependencies = [
 "libc_alloc",
 "nonoverlapping_interval_tree",
]

[[package]]
name = "nonoverlapping_interval_tree"
version = "0.1.5"
source = "registry+https://github.com/rust-lang/crates.io-index"
checksum = "c57f881f89f2a30a1bd6c75bc4df573158ec8f49e1ae833411ab92e3ebdcf330"
